
Microsoft Visual Studio Solution File, Format Version 12.00
# Visual Studio Version 17
VisualStudioVersion = 17.13.35818.85 d17.13
MinimumVisualStudioVersion = 10.0.40219.1
Project("{FAE04EC0-301F-11D3-BF4B-00C04F79EFBC}") = "TecniFix", "TecniFix\TecniFix.csproj", "{0E6A4D07-B2C7-404A-B538-0DEBDF86BB5F}"
EndProject
Global
	GlobalSection(SolutionConfigurationPlatforms) = preSolution
		Debug|Any CPU = Debug|Any CPU
		Release|Any CPU = Release|Any CPU
	EndGlobalSection
	GlobalSection(ProjectConfigurationPlatforms) = postSolution
		{0E6A4D07-B2C7-404A-B538-0DEBDF86BB5F}.Debug|Any CPU.ActiveCfg = Debug|Any CPU
		{0E6A4D07-B2C7-404A-B538-0DEBDF86BB5F}.Debug|Any CPU.Build.0 = Debug|Any CPU
		{0E6A4D07-B2C7-404A-B538-0DEBDF86BB5F}.Release|Any CPU.ActiveCfg = Release|Any CPU
		{0E6A4D07-B2C7-404A-B538-0DEBDF86BB5F}.Release|Any CPU.Build.0 = Release|Any CPU
	EndGlobalSection
	GlobalSection(SolutionProperties) = preSolution
		HideSolutionNode = FALSE
	EndGlobalSection
	GlobalSection(ExtensibilityGlobals) = postSolution
		SolutionGuid = {E2C38A35-A06D-4594-A9F3-2B04D999A6B3}
	EndGlobalSection
EndGlobal
